
Microsoft Visual Studio Solution File, Format Version 12.00
# Visual Studio 15
Project("{FAE04EC0-301F-11D3-BF4B-00C04F79EFBC}") = "HellOnEarth", "HellOnEarth.csproj", "{DE2FD309-F951-4697-950C-2744D805D89A}"
EndProject
Global
	GlobalSection(SolutionConfigurationPlatforms) = preSolution
		Debug|Any CPU = Debug|Any CPU
		Release|Any CPU = Release|Any CPU
	EndGlobalSection
	GlobalSection(ProjectConfigurationPlatforms) = postSolution
		{DE2FD309-F951-4697-950C-2744D805D89A}.Debug|Any CPU.ActiveCfg = Debug|Any CPU
		{DE2FD309-F951-4697-950C-2744D805D89A}.Debug|Any CPU.Build.0 = Debug|Any CPU
		{DE2FD309-F951-4697-950C-2744D805D89A}.Release|Any CPU.ActiveCfg = Release|Any CPU
		{DE2FD309-F951-4697-950C-2744D805D89A}.Release|Any CPU.Build.0 = Release|Any CPU
	EndGlobalSection
EndGlobal
